{
    "name": "maishu-nws-chitu",
    "requires": true,
    "lockfileVersion": 1,
    "dependencies": {
        "@types/node": {
            "version": "14.14.14",
            "resolved": "https://registry.npmjs.org/@types/node/-/node-14.14.14.tgz",
            "integrity": "sha512-UHnOPWVWV1z+VV8k6L1HhG7UbGBgIdghqF3l9Ny9ApPghbjICXkUJSd/b9gOgQfjM1r+37cipdw/HJ3F6ICEnQ=="
        },
        "date-format": {
            "version": "3.0.0",
            "resolved": "https://registry.npmjs.org/date-format/-/date-format-3.0.0.tgz",
            "integrity": "sha512-eyTcpKOcamdhWJXj56DpQMo1ylSQpcGtGKXcU0Tb97+K56/CF5amAqqqNj0+KvA0iw2ynxtHWFsPDSClCxe48w=="
        },
        "debug": {
            "version": "4.3.1",
            "resolved": "https://registry.npmjs.org/debug/-/debug-4.3.1.tgz",
            "integrity": "sha512-doEwdvm4PCeK4K3RQN2ZC2BYUBaxwLARCqZmMjtF8a51J2Rb0xpVloFRnCODwqjpwnAoao4pelN8l3RJdv3gRQ==",
            "requires": {
                "ms": "2.1.2"
            }
        },
        "flatted": {
            "version": "2.0.2",
            "resolved": "https://registry.npmjs.org/flatted/-/flatted-2.0.2.tgz",
            "integrity": "sha512-r5wGx7YeOwNWNlCA0wQ86zKyDLMQr+/RB8xy74M4hTphfmjlijTSSXGuH8rnvKZnfT9i+75zmd8jcKdMR4O6jA=="
        },
        "fs-extra": {
            "version": "8.1.0",
            "resolved": "https://registry.npmjs.org/fs-extra/-/fs-extra-8.1.0.tgz",
            "integrity": "sha512-yhlQgA6mnOJUKOsRUFsgJdQCvkKhcz8tlZG5HBQfReYZy46OwLcY+Zia0mtdHsOo9y/hP+CxMN0TU9QxoOtG4g==",
            "requires": {
                "graceful-fs": "^4.2.0",
                "jsonfile": "^4.0.0",
                "universalify": "^0.1.0"
            }
        },
        "graceful-fs": {
            "version": "4.2.4",
            "resolved": "https://registry.npmjs.org/graceful-fs/-/graceful-fs-4.2.4.tgz",
            "integrity": "sha512-WjKPNJF79dtJAVniUlGGWHYGz2jWxT6VhN/4m1NdkbZ2nOsEF+cI1Edgql5zCRhs/VsQYRvrXctxktVXZUkixw=="
        },
        "js-tokens": {
            "version": "4.0.0",
            "resolved": "https://registry.npmjs.org/js-tokens/-/js-tokens-4.0.0.tgz",
            "integrity": "sha512-RdJUflcE3cUzKiMqQgsCu06FPu9UdIJO0beYbPhHN4k6apgJtifcoCtT9bcxOpYBtpD2kCM6Sbzg4CausW/PKQ=="
        },
        "jsonfile": {
            "version": "4.0.0",
            "resolved": "https://registry.npmjs.org/jsonfile/-/jsonfile-4.0.0.tgz",
            "integrity": "sha1-h3Gq4HmbZAdrdmQPygWPnBDjPss=",
            "requires": {
                "graceful-fs": "^4.1.6"
            }
        },
        "log4js": {
            "version": "6.3.0",
            "resolved": "https://registry.npmjs.org/log4js/-/log4js-6.3.0.tgz",
            "integrity": "sha512-Mc8jNuSFImQUIateBFwdOQcmC6Q5maU0VVvdC2R6XMb66/VnT+7WS4D/0EeNMZu1YODmJe5NIn2XftCzEocUgw==",
            "requires": {
                "date-format": "^3.0.0",
                "debug": "^4.1.1",
                "flatted": "^2.0.1",
                "rfdc": "^1.1.4",
                "streamroller": "^2.2.4"
            }
        },
        "loose-envify": {
            "version": "1.4.0",
            "resolved": "https://registry.npmjs.org/loose-envify/-/loose-envify-1.4.0.tgz",
            "integrity": "sha512-lyuxPGr/Wfhrlem2CL/UcnUc1zcqKAImBDzukY7Y5F/yQiNdko6+fRLevlw1HgMySw7f611UIY408EtxRSoK3Q==",
            "requires": {
                "js-tokens": "^3.0.0 || ^4.0.0"
            }
        },
        "maishu-chitu": {
            "version": "3.28.0",
            "resolved": "https://registry.npmjs.org/maishu-chitu/-/maishu-chitu-3.28.0.tgz",
            "integrity": "sha512-kszqsPUjkhqKUYHTBQEyrS/cnKFTr5ADpHDUfi2thsnZstRzHX2YIQt9XfXf3TqXyFMp+2yz3AqqFFvAHNNJ3g==",
            "requires": {
                "maishu-chitu-service": "^1.21.0"
            }
        },
        "maishu-chitu-react": {
            "version": "1.27.0",
            "resolved": "https://registry.npmjs.org/maishu-chitu-react/-/maishu-chitu-react-1.27.0.tgz",
            "integrity": "sha512-HRh7rrvM7Iz+yykTrIzNowAl4OZgRewObsCXkvEBd/92K4WaGR3abRXofFhmzjHFc2vxoVXYVvtu1I7RpGvK5w==",
            "requires": {
                "maishu-chitu": "^3.6.4",
                "maishu-chitu-service": "^1.1.16",
                "react": "^16.8.2",
                "react-dom": "^16.8.2"
            },
            "dependencies": {
                "react": {
                    "version": "16.14.0",
                    "resolved": "https://registry.npmjs.org/react/-/react-16.14.0.tgz",
                    "integrity": "sha512-0X2CImDkJGApiAlcf0ODKIneSwBPhqJawOa5wCtKbu7ZECrmS26NvtSILynQ66cgkT/RJ4LidJOc3bUESwmU8g==",
                    "requires": {
                        "loose-envify": "^1.1.0",
                        "object-assign": "^4.1.1",
                        "prop-types": "^15.6.2"
                    }
                },
                "react-dom": {
                    "version": "16.14.0",
                    "resolved": "https://registry.npmjs.org/react-dom/-/react-dom-16.14.0.tgz",
                    "integrity": "sha512-1gCeQXDLoIqMgqD3IO2Ah9bnf0w9kzhwN5q4FGnHZ67hBm9yePzB5JJAIQCc8x3pFnNlwFq4RidZggNAAkzWWw==",
                    "requires": {
                        "loose-envify": "^1.1.0",
                        "object-assign": "^4.1.1",
                        "prop-types": "^15.6.2",
                        "scheduler": "^0.19.1"
                    }
                },
                "scheduler": {
                    "version": "0.19.1",
                    "resolved": "https://registry.npmjs.org/scheduler/-/scheduler-0.19.1.tgz",
                    "integrity": "sha512-n/zwRWRYSUj0/3g/otKDRPMh6qv2SYMWNq85IEa8iZyAv8od9zDYpGSnpBEjNgcMNq6Scbu5KfIPxNF72R/2EA==",
                    "requires": {
                        "loose-envify": "^1.1.0",
                        "object-assign": "^4.1.1"
                    }
                }
            }
        },
        "maishu-chitu-service": {
            "version": "1.21.0",
            "resolved": "https://registry.npmjs.org/maishu-chitu-service/-/maishu-chitu-service-1.21.0.tgz",
            "integrity": "sha512-El8vy3EOdfM7NkYohkgoqoNJD4waK+Kh1m4LL4LjUHlzEI7g11xsaEgoNF+fOe96J5M1NRjVG1EfY9aEHV0DLw==",
            "requires": {
                "maishu-toolkit": "^1.1.4",
                "node-fetch": "^2.6.0"
            }
        },
        "maishu-node-web-server": {
            "version": "1.9.5",
            "resolved": "https://registry.npmjs.org/maishu-node-web-server/-/maishu-node-web-server-1.9.5.tgz",
            "integrity": "sha512-2Ec7u8ZpgWUh7gFyRM7hKP37GWtcyp4fYESywwRWLhBFrK7t2ZBUXWKQWlsoYaYUXrITrPNLazKe5bfOZjUMpg==",
            "requires": {
                "log4js": "^6.3.0"
            }
        },
        "maishu-requirejs-plugins": {
            "version": "1.3.0",
            "resolved": "https://registry.npmjs.org/maishu-requirejs-plugins/-/maishu-requirejs-plugins-1.3.0.tgz",
            "integrity": "sha512-y0YP61P30z+7fXIno0GHnnd4fhmHKJydgKG4sYYQTn6Uhec9eJuipyNFyirV1D4csKTY1zhTYcVOgbiwZJOA0g=="
        },
        "maishu-toolkit": {
            "version": "1.6.1",
            "resolved": "https://registry.npmjs.org/maishu-toolkit/-/maishu-toolkit-1.6.1.tgz",
            "integrity": "sha512-vGNnEQ73S/+wT8AXGoNvScb2inrJ/+63DDkrwEJoOEYNsP/9CnpLVikg246zNN8wKJA3Aq3n4QxP6fnBU6aLrg=="
        },
        "ms": {
            "version": "2.1.2",
            "resolved": "https://registry.npmjs.org/ms/-/ms-2.1.2.tgz",
            "integrity": "sha512-sGkPx+VjMtmA6MX27oA4FBFELFCZZ4S4XqeGOXCv68tT+jb3vk/RyaKWP0PTKyWtmLSM0b+adUTEvbs1PEaH2w=="
        },
        "node-fetch": {
            "version": "2.6.1",
            "resolved": "https://registry.npmjs.org/node-fetch/-/node-fetch-2.6.1.tgz",
            "integrity": "sha512-V4aYg89jEoVRxRb2fJdAg8FHvI7cEyYdVAh94HH0UIK8oJxUfkjlDQN9RbMx+bEjP7+ggMiFRprSti032Oipxw=="
        },
        "object-assign": {
            "version": "4.1.1",
            "resolved": "https://registry.npmjs.org/object-assign/-/object-assign-4.1.1.tgz",
            "integrity": "sha1-IQmtx5ZYh8/AXLvUQsrIv7s2CGM="
        },
        "prop-types": {
            "version": "15.7.2",
            "resolved": "https://registry.npmjs.org/prop-types/-/prop-types-15.7.2.tgz",
            "integrity": "sha512-8QQikdH7//R2vurIJSutZ1smHYTcLpRWEOlHnzcWHmBYrOGUysKwSsrC89BCiFj3CbrfJ/nXFdJepOVrY1GCHQ==",
            "requires": {
                "loose-envify": "^1.4.0",
                "object-assign": "^4.1.1",
                "react-is": "^16.8.1"
            }
        },
        "react": {
            "version": "17.0.1",
            "resolved": "https://registry.npmjs.org/react/-/react-17.0.1.tgz",
            "integrity": "sha512-lG9c9UuMHdcAexXtigOZLX8exLWkW0Ku29qPRU8uhF2R9BN96dLCt0psvzPLlHc5OWkgymP3qwTRgbnw5BKx3w==",
            "requires": {
                "loose-envify": "^1.1.0",
                "object-assign": "^4.1.1"
            }
        },
        "react-dom": {
            "version": "17.0.1",
            "resolved": "https://registry.npmjs.org/react-dom/-/react-dom-17.0.1.tgz",
            "integrity": "sha512-6eV150oJZ9U2t9svnsspTMrWNyHc6chX0KzDeAOXftRa8bNeOKTTfCJ7KorIwenkHd2xqVTBTCZd79yk/lx/Ug==",
            "requires": {
                "loose-envify": "^1.1.0",
                "object-assign": "^4.1.1",
                "scheduler": "^0.20.1"
            }
        },
        "react-is": {
            "version": "16.13.1",
            "resolved": "https://registry.npmjs.org/react-is/-/react-is-16.13.1.tgz",
            "integrity": "sha512-24e6ynE2H+OKt4kqsOvNd8kBpV65zoxbA4BVsEOB3ARVWQki/DHzaUoC5KuON/BiccDaCCTZBuOcfZs70kR8bQ=="
        },
        "requirejs": {
            "version": "2.3.6",
            "resolved": "https://registry.npmjs.org/requirejs/-/requirejs-2.3.6.tgz",
            "integrity": "sha512-ipEzlWQe6RK3jkzikgCupiTbTvm4S0/CAU5GlgptkN5SO6F3u0UD0K18wy6ErDqiCyP4J4YYe1HuAShvsxePLg=="
        },
        "rfdc": {
            "version": "1.1.4",
            "resolved": "https://registry.npmjs.org/rfdc/-/rfdc-1.1.4.tgz",
            "integrity": "sha512-5C9HXdzK8EAqN7JDif30jqsBzavB7wLpaubisuQIGHWf2gUXSpzy6ArX/+Da8RjFpagWsCn+pIgxTMAmKw9Zug=="
        },
        "scheduler": {
            "version": "0.20.1",
            "resolved": "https://registry.npmjs.org/scheduler/-/scheduler-0.20.1.tgz",
            "integrity": "sha512-LKTe+2xNJBNxu/QhHvDR14wUXHRQbVY5ZOYpOGWRzhydZUqrLb2JBvLPY7cAqFmqrWuDED0Mjk7013SZiOz6Bw==",
            "requires": {
                "loose-envify": "^1.1.0",
                "object-assign": "^4.1.1"
            }
        },
        "streamroller": {
            "version": "2.2.4",
            "resolved": "https://registry.npmjs.org/streamroller/-/streamroller-2.2.4.tgz",
            "integrity": "sha512-OG79qm3AujAM9ImoqgWEY1xG4HX+Lw+yY6qZj9R1K2mhF5bEmQ849wvrb+4vt4jLMLzwXttJlQbOdPOQVRv7DQ==",
            "requires": {
                "date-format": "^2.1.0",
                "debug": "^4.1.1",
                "fs-extra": "^8.1.0"
            },
            "dependencies": {
                "date-format": {
                    "version": "2.1.0",
                    "resolved": "https://registry.npmjs.org/date-format/-/date-format-2.1.0.tgz",
                    "integrity": "sha512-bYQuGLeFxhkxNOF3rcMtiZxvCBAquGzZm6oWA1oZ0g2THUzivaRhv8uOhdr19LmoobSOLoIAxeUK2RdbM8IFTA=="
                }
            }
        },
        "universalify": {
            "version": "0.1.2",
            "resolved": "https://registry.npmjs.org/universalify/-/universalify-0.1.2.tgz",
            "integrity": "sha512-rBJeI5CXAlmy1pV+617WB9J63U6XcazHHF2f2dbJix4XzpUF0RS3Zbj0FGIOCAva5P/d/GBOYaACQ1w+0azUkg=="
        }
    }
}
